
Microsoft Visual Studio Solution File, Format Version 12.00
# Visual Studio 14
VisualStudioVersion = 14.0.24720.0
MinimumVisualStudioVersion = 10.0.40219.1
Project("{2150E333-8FDC-42A3-9474-1A3956D46DE8}") = "src", "src", "{19D52E7C-AEF1-44CE-87BE-93AD2475110C}"
EndProject
Project("{2150E333-8FDC-42A3-9474-1A3956D46DE8}") = "Solution Items", "Solution Items", "{A2E98F8C-FE6F-4FCC-A851-733E2D45CF99}"
	ProjectSection(SolutionItems) = preProject
		global.json = global.json
	EndProjectSection
EndProject
Project("{8BB2217D-0F2D-49D1-97BC-3654ED321F3B}") = "Gallery", "src\Gallery\Gallery.xproj", "{7E730518-82F1-4558-B270-CE4EA5C9D31B}"
EndProject
Global
	GlobalSection(SolutionConfigurationPlatforms) = preSolution
		Debug|Any CPU = Debug|Any CPU
		Release|Any CPU = Release|Any CPU
	EndGlobalSection
	GlobalSection(ProjectConfigurationPlatforms) = postSolution
		{7E730518-82F1-4558-B270-CE4EA5C9D31B}.Debug|Any CPU.ActiveCfg = Debug|Any CPU
		{7E730518-82F1-4558-B270-CE4EA5C9D31B}.Debug|Any CPU.Build.0 = Debug|Any CPU
		{7E730518-82F1-4558-B270-CE4EA5C9D31B}.Release|Any CPU.ActiveCfg = Release|Any CPU
		{7E730518-82F1-4558-B270-CE4EA5C9D31B}.Release|Any CPU.Build.0 = Release|Any CPU
	EndGlobalSection
	GlobalSection(SolutionProperties) = preSolution
		HideSolutionNode = FALSE
	EndGlobalSection
	GlobalSection(NestedProjects) = preSolution
		{7E730518-82F1-4558-B270-CE4EA5C9D31B} = {19D52E7C-AEF1-44CE-87BE-93AD2475110C}
	EndGlobalSection
EndGlobal
